{
  "name": "android_note_app",
  "lockfileVersion": 3,
  "requires": true,
  "packages": {
    "": {
      "dependencies": {
        "opencode-ai": "^1.1.42"
      }
    },
    "node_modules/opencode-ai": {
      "version": "1.1.42",
      "resolved": "https://registry.npmjs.org/opencode-ai/-/opencode-ai-1.1.42.tgz",
      "integrity": "sha512-YmFmtiI8a2N8dkHiMwL/tvunJcnP7xyBZE2RRP7S52K6vIiFMfE1yVWyTsTEay3pu9osMpZgc7nR1vb3HEXO8A==",
      "hasInstallScript": true,
      "bin": {
        "opencode": "bin/opencode"
      },
      "optionalDependencies": {
        "opencode-darwin-arm64": "1.1.42",
        "opencode-darwin-x64": "1.1.42",
        "opencode-darwin-x64-baseline": "1.1.42",
        "opencode-linux-arm64": "1.1.42",
        "opencode-linux-arm64-musl": "1.1.42",
        "opencode-linux-x64": "1.1.42",
        "opencode-linux-x64-baseline": "1.1.42",
        "opencode-linux-x64-baseline-musl": "1.1.42",
        "opencode-linux-x64-musl": "1.1.42",
        "opencode-windows-x64": "1.1.42",
        "opencode-windows-x64-baseline": "1.1.42"
      }
    },
    "node_modules/opencode-darwin-arm64": {
      "version": "1.1.42",
      "resolved": "https://registry.npmjs.org/opencode-darwin-arm64/-/opencode-darwin-arm64-1.1.42.tgz",
      "integrity": "sha512-h6po6PoPfi6X0i7EzWdYAZenXVk1TIEca71TusFm7ZUZHXHEwWbwqeJvCqYwPSdvxL9iRl9RCr20GgWVmlTcOw==",
      "cpu": [
        "arm64"
      ],
      "optional": true,
      "os": [
        "darwin"
      ]
    },
    "node_modules/opencode-darwin-x64": {
      "version": "1.1.42",
      "resolved": "https://registry.npmjs.org/opencode-darwin-x64/-/opencode-darwin-x64-1.1.42.tgz",
      "integrity": "sha512-pF0Ew+yuFunomXylBtGd+dNLLfNiS3U9Whberrdl132d/qt2gxC9mG+84gbd/0ez2LdXvsm9+7porS/HdNrRIg==",
      "cpu": [
        "x64"
      ],
      "optional": true,
      "os": [
        "darwin"
      ]
    },
    "node_modules/opencode-darwin-x64-baseline": {
      "version": "1.1.42",
      "resolved": "https://registry.npmjs.org/opencode-darwin-x64-baseline/-/opencode-darwin-x64-baseline-1.1.42.tgz",
      "integrity": "sha512-NINvnkfmFK/KeMa1fkCFGZjLr/h8RLVuA77HzrThFhXeCRzcSAqTt8+2QI4EebmmZfWfj8puuFudkbyUhdoW7A==",
      "cpu": [
        "x64"
      ],
      "optional": true,
      "os": [
        "darwin"
      ]
    },
    "node_modules/opencode-linux-arm64": {
      "version": "1.1.42",
      "resolved": "https://registry.npmjs.org/opencode-linux-arm64/-/opencode-linux-arm64-1.1.42.tgz",
      "integrity": "sha512-NOcDJvgQN+OaNzTmwLWGi+0aq1Wuqq3N3PtxwVqhU4bqmRWlKWHe9w2ptrVF4gN/S7G4584d6ShxqG+O4vMp0Q==",
      "cpu": [
        "arm64"
      ],
      "optional": true,
      "os": [
        "linux"
      ]
    },
    "node_modules/opencode-linux-arm64-musl": {
      "version": "1.1.42",
      "resolved": "https://registry.npmjs.org/opencode-linux-arm64-musl/-/opencode-linux-arm64-musl-1.1.42.tgz",
      "integrity": "sha512-uercJkuw/GkDt6O6PV6majX15A5dqunY+pzh+t7JcA4outbAEbbconeB66uyHbwxTfmGY6HltgQ9NBf1jRPjDA==",
      "cpu": [
        "arm64"
      ],
      "optional": true,
      "os": [
        "linux"
      ]
    },
    "node_modules/opencode-linux-x64": {
      "version": "1.1.42",
      "resolved": "https://registry.npmjs.org/opencode-linux-x64/-/opencode-linux-x64-1.1.42.tgz",
      "integrity": "sha512-wJmmvhinUjr8ShiAYWbtz7m+UrlreNPp6rQa8dB4LYHTYwDlIlNYNCLPF59fmeWC4t8YKwJVyPHsoojnhJoXFg==",
      "cpu": [
        "x64"
      ],
      "optional": true,
      "os": [
        "linux"
      ]
    },
    "node_modules/opencode-linux-x64-baseline": {
      "version": "1.1.42",
      "resolved": "https://registry.npmjs.org/opencode-linux-x64-baseline/-/opencode-linux-x64-baseline-1.1.42.tgz",
      "integrity": "sha512-0NgGQXBNquVijste+H3WnwhtGs9TSVjQP94MSU61NRy4MRU4bUDicb4NWaryavs6emu+QBUSstUeNteH2HBWyA==",
      "cpu": [
        "x64"
      ],
      "optional": true,
      "os": [
        "linux"
      ]
    },
    "node_modules/opencode-linux-x64-baseline-musl": {
      "version": "1.1.42",
      "resolved": "https://registry.npmjs.org/opencode-linux-x64-baseline-musl/-/opencode-linux-x64-baseline-musl-1.1.42.tgz",
      "integrity": "sha512-qWeVuooblOlwERD7onmheHsArDU+9gRjPyHSEwnNEt/0ES4iwzwHsbLRzHVTMvdSs55Fv9mQmiPHOIcgF3mgOA==",
      "cpu": [
        "x64"
      ],
      "optional": true,
      "os": [
        "linux"
      ]
    },
    "node_modules/opencode-linux-x64-musl": {
      "version": "1.1.42",
      "resolved": "https://registry.npmjs.org/opencode-linux-x64-musl/-/opencode-linux-x64-musl-1.1.42.tgz",
      "integrity": "sha512-jcqZiSNiCCXq5l4QI2AOsoho8S0XIrATk5ffT9pnQL4hv6kxSyTCZ7/lZyfq8IoJzYFKO4NpJ/zDJeYh4kz+AQ==",
      "cpu": [
        "x64"
      ],
      "optional": true,
      "os": [
        "linux"
      ]
    },
    "node_modules/opencode-windows-x64": {
      "version": "1.1.42",
      "resolved": "https://registry.npmjs.org/opencode-windows-x64/-/opencode-windows-x64-1.1.42.tgz",
      "integrity": "sha512-Dx29QjRX5qYDu8yheoGA/5uJR4jwwjqNDapAWGxpAswU5OZeYq94UD/ZlrDELcmP/lUco7dWAaFMlUYilQNe5w==",
      "cpu": [
        "x64"
      ],
      "optional": true,
      "os": [
        "win32"
      ]
    },
    "node_modules/opencode-windows-x64-baseline": {
      "version": "1.1.42",
      "resolved": "https://registry.npmjs.org/opencode-windows-x64-baseline/-/opencode-windows-x64-baseline-1.1.42.tgz",
      "integrity": "sha512-mLDvYBCJMzx3yaBXpEcDwMUEV0Uhd/lMZVeCEKofXzSEvTfmx27zRKm27K0aL5juRABF1bhHuP7uM+AdSA+r5A==",
      "cpu": [
        "x64"
      ],
      "optional": true,
      "os": [
        "win32"
      ]
    }
  }
}
